// !$*UTF8*$!
{
	archiveVersion = 1;
	classes = {
	};
	objectVersion = 46;
	objects = {

/* Begin PBXBuildFile section */
		1FEEC98119CEC6400052B9A0 /* main.m in Sources */ = {isa = PBXBuildFile; fileRef = 1FEEC98019CEC6400052B9A0 /* main.m */; };
		1FEEC98419CEC6400052B9A0 /* AppDelegate.m in Sources */ = {isa = PBXBuildFile; fileRef = 1FEEC98319CEC6400052B9A0 /* AppDelegate.m */; };
		1FEEC98619CEC6400052B9A0 /* Images.xcassets in Resources */ = {isa = PBXBuildFile; fileRef = 1FEEC98519CEC6400052B9A0 /* Images.xcassets */; };
		1FEEC98919CEC6400052B9A0 /* MainMenu.xib in Resources */ = {isa = PBXBuildFile; fileRef = 1FEEC98719CEC6400052B9A0 /* MainMenu.xib */; };
		1FEEC99519CEC6400052B9A0 /* TemperatureConstraintsTests.m in Sources */ = {isa = PBXBuildFile; fileRef = 1FEEC99419CEC6400052B9A0 /* TemperatureConstraintsTests.m */; };
		1FEEC99F19CEC6CF0052B9A0 /* MethodServer.framework in Frameworks */ = {isa = PBXBuildFile; fileRef = 1FEEC99E19CEC6CF0052B9A0 /* MethodServer.framework */; };
		1FF8036F1A44535A00B11DED /* temperatureconstraints.classdict in Resources */ = {isa = PBXBuildFile; fileRef = 1FF8036E1A44535A00B11DED /* temperatureconstraints.classdict */; };
/* End PBXBuildFile section */

/* Begin PBXContainerItemProxy section */
		1FEEC98F19CEC6400052B9A0 /* PBXContainerItemProxy */ = {
			isa = PBXContainerItemProxy;
			containerPortal = 1FEEC97319CEC6400052B9A0 /* Project object */;
			proxyType = 1;
			remoteGlobalIDString = 1FEEC97A19CEC6400052B9A0;
			remoteInfo = TemperatureConstraints;
		};
/* End PBXContainerItemProxy section */

/* Begin PBXFileReference section */
		1FEEC97B19CEC6400052B9A0 /* TemperatureConstraints.app */ = {isa = PBXFileReference; explicitFileType = wrapper.application; includeInIndex = 0; path = TemperatureConstraints.app; sourceTree = BUILT_PRODUCTS_DIR; };
		1FEEC97F19CEC6400052B9A0 /* Info.plist */ = {isa = PBXFileReference; lastKnownFileType = text.plist.xml; path = Info.plist; sourceTree = "<group>"; };
		1FEEC98019CEC6400052B9A0 /* main.m */ = {isa = PBXFileReference; lastKnownFileType = sourcecode.c.objc; path = main.m; sourceTree = "<group>"; };
		1FEEC98219CEC6400052B9A0 /* AppDelegate.h */ = {isa = PBXFileReference; lastKnownFileType = sourcecode.c.h; path = AppDelegate.h; sourceTree = "<group>"; };
		1FEEC98319CEC6400052B9A0 /* AppDelegate.m */ = {isa = PBXFileReference; lastKnownFileType = sourcecode.c.objc; path = AppDelegate.m; sourceTree = "<group>"; };
		1FEEC98519CEC6400052B9A0 /* Images.xcassets */ = {isa = PBXFileReference; lastKnownFileType = folder.assetcatalog; path = Images.xcassets; sourceTree = "<group>"; };
		1FEEC98819CEC6400052B9A0 /* Base */ = {isa = PBXFileReference; lastKnownFileType = file.xib; name = Base; path = Base.lproj/MainMenu.xib; sourceTree = "<group>"; };
		1FEEC98E19CEC6400052B9A0 /* TemperatureConstraintsTests.xctest */ = {isa = PBXFileReference; explicitFileType = wrapper.cfbundle; includeInIndex = 0; path = TemperatureConstraintsTests.xctest; sourceTree = BUILT_PRODUCTS_DIR; };
		1FEEC99319CEC6400052B9A0 /* Info.plist */ = {isa = PBXFileReference; lastKnownFileType = text.plist.xml; path = Info.plist; sourceTree = "<group>"; };
		1FEEC99419CEC6400052B9A0 /* TemperatureConstraintsTests.m */ = {isa = PBXFileReference; lastKnownFileType = sourcecode.c.objc; path = TemperatureConstraintsTests.m; sourceTree = "<group>"; };
		1FEEC99E19CEC6CF0052B9A0 /* MethodServer.framework */ = {isa = PBXFileReference; lastKnownFileType = wrapper.framework; name = MethodServer.framework; path = ../../Build/Release/MethodServer.framework; sourceTree = "<group>"; };
		1FF8036E1A44535A00B11DED /* temperatureconstraints.classdict */ = {isa = PBXFileReference; fileEncoding = 4; lastKnownFileType = text.xml; path = temperatureconstraints.classdict; sourceTree = "<group>"; };
/* End PBXFileReference section */

/* Begin PBXFrameworksBuildPhase section */
		1FEEC97819CEC6400052B9A0 /* Frameworks */ = {
			isa = PBXFrameworksBuildPhase;
			buildActionMask = 2147483647;
			files = (
				1FEEC99F19CEC6CF0052B9A0 /* MethodServer.framework in Frameworks */,
			);
			runOnlyForDeploymentPostprocessing = 0;
		};
		1FEEC98B19CEC6400052B9A0 /* Frameworks */ = {
			isa = PBXFrameworksBuildPhase;
			buildActionMask = 2147483647;
			files = (
			);
			runOnlyForDeploymentPostprocessing = 0;
		};
/* End PBXFrameworksBuildPhase section */

/* Begin PBXGroup section */
		1FEEC97219CEC6400052B9A0 = {
			isa = PBXGroup;
			children = (
				1FEEC99E19CEC6CF0052B9A0 /* MethodServer.framework */,
				1FEEC97D19CEC6400052B9A0 /* TemperatureConstraints */,
				1FEEC99119CEC6400052B9A0 /* TemperatureConstraintsTests */,
				1FEEC97C19CEC6400052B9A0 /* Products */,
			);
			sourceTree = "<group>";
		};
		1FEEC97C19CEC6400052B9A0 /* Products */ = {
			isa = PBXGroup;
			children = (
				1FEEC97B19CEC6400052B9A0 /* TemperatureConstraints.app */,
				1FEEC98E19CEC6400052B9A0 /* TemperatureConstraintsTests.xctest */,
			);
			name = Products;
			sourceTree = "<group>";
		};
		1FEEC97D19CEC6400052B9A0 /* TemperatureConstraints */ = {
			isa = PBXGroup;
			children = (
				1FF8036E1A44535A00B11DED /* temperatureconstraints.classdict */,
				1FEEC98219CEC6400052B9A0 /* AppDelegate.h */,
				1FEEC98319CEC6400052B9A0 /* AppDelegate.m */,
				1FEEC98519CEC6400052B9A0 /* Images.xcassets */,
				1FEEC98719CEC6400052B9A0 /* MainMenu.xib */,
				1FEEC97E19CEC6400052B9A0 /* Supporting Files */,
			);
			path = TemperatureConstraints;
			sourceTree = "<group>";
		};
		1FEEC97E19CEC6400052B9A0 /* Supporting Files */ = {
			isa = PBXGroup;
			children = (
				1FEEC97F19CEC6400052B9A0 /* Info.plist */,
				1FEEC98019CEC6400052B9A0 /* main.m */,
			);
			name = "Supporting Files";
			sourceTree = "<group>";
		};
		1FEEC99119CEC6400052B9A0 /* TemperatureConstraintsTests */ = {
			isa = PBXGroup;
			children = (
				1FEEC99419CEC6400052B9A0 /* TemperatureConstraintsTests.m */,
				1FEEC99219CEC6400052B9A0 /* Supporting Files */,
			);
			path = TemperatureConstraintsTests;
			sourceTree = "<group>";
		};
		1FEEC99219CEC6400052B9A0 /* Supporting Files */ = {
			isa = PBXGroup;
			children = (
				1FEEC99319CEC6400052B9A0 /* Info.plist */,
			);
			name = "Supporting Files";
			sourceTree = "<group>";
		};
/* End PBXGroup section */

/* Begin PBXNativeTarget section */
		1FEEC97A19CEC6400052B9A0 /* TemperatureConstraints */ = {
			isa = PBXNativeTarget;
			buildConfigurationList = 1FEEC99819CEC6400052B9A0 /* Build configuration list for PBXNativeTarget "TemperatureConstraints" */;
			buildPhases = (
				1FEEC97719CEC6400052B9A0 /* Sources */,
				1FEEC97819CEC6400052B9A0 /* Frameworks */,
				1FEEC97919CEC6400052B9A0 /* Resources */,
			);
			buildRules = (
			);
			dependencies = (
			);
			name = TemperatureConstraints;
			productName = TemperatureConstraints;
			productReference = 1FEEC97B19CEC6400052B9A0 /* TemperatureConstraints.app */;
			productType = "com.apple.product-type.application";
		};
		1FEEC98D19CEC6400052B9A0 /* TemperatureConstraintsTests */ = {
			isa = PBXNativeTarget;
			buildConfigurationList = 1FEEC99B19CEC6400052B9A0 /* Build configuration list for PBXNativeTarget "TemperatureConstraintsTests" */;
			buildPhases = (
				1FEEC98A19CEC6400052B9A0 /* Sources */,
				1FEEC98B19CEC6400052B9A0 /* Frameworks */,
				1FEEC98C19CEC6400052B9A0 /* Resources */,
			);
			buildRules = (
			);
			dependencies = (
				1FEEC99019CEC6400052B9A0 /* PBXTargetDependency */,
			);
			name = TemperatureConstraintsTests;
			productName = TemperatureConstraintsTests;
			productReference = 1FEEC98E19CEC6400052B9A0 /* TemperatureConstraintsTests.xctest */;
			productType = "com.apple.product-type.bundle.unit-test";
		};
/* End PBXNativeTarget section */

/* Begin PBXProject section */
		1FEEC97319CEC6400052B9A0 /* Project object */ = {
			isa = PBXProject;
			attributes = {
				LastUpgradeCheck = 0600;
				ORGANIZATIONNAME = Metaobject;
				TargetAttributes = {
					1FEEC97A19CEC6400052B9A0 = {
						CreatedOnToolsVersion = 6.1;
					};
					1FEEC98D19CEC6400052B9A0 = {
						CreatedOnToolsVersion = 6.1;
						TestTargetID = 1FEEC97A19CEC6400052B9A0;
					};
				};
			};
			buildConfigurationList = 1FEEC97619CEC6400052B9A0 /* Build configuration list for PBXProject "TemperatureConstraints" */;
			compatibilityVersion = "Xcode 3.2";
			developmentRegion = English;
			hasScannedForEncodings = 0;
			knownRegions = (
				en,
				Base,
			);
			mainGroup = 1FEEC97219CEC6400052B9A0;
			productRefGroup = 1FEEC97C19CEC6400052B9A0 /* Products */;
			projectDirPath = "";
			projectRoot = "";
			targets = (
				1FEEC97A19CEC6400052B9A0 /* TemperatureConstraints */,
				1FEEC98D19CEC6400052B9A0 /* TemperatureConstraintsTests */,
			);
		};
/* End PBXProject section */

/* Begin PBXResourcesBuildPhase section */
		1FEEC97919CEC6400052B9A0 /* Resources */ = {
			isa = PBXResourcesBuildPhase;
			buildActionMask = 2147483647;
			files = (
				1FF8036F1A44535A00B11DED /* temperatureconstraints.classdict in Resources */,
				1FEEC98619CEC6400052B9A0 /* Images.xcassets in Resources */,
				1FEEC98919CEC6400052B9A0 /* MainMenu.xib in Resources */,
			);
			runOnlyForDeploymentPostprocessing = 0;
		};
		1FEEC98C19CEC6400052B9A0 /* Resources */ = {
			isa = PBXResourcesBuildPhase;
			buildActionMask = 2147483647;
			files = (
			);
			runOnlyForDeploymentPostprocessing = 0;
		};
/* End PBXResourcesBuildPhase section */

/* Begin PBXSourcesBuildPhase section */
		1FEEC97719CEC6400052B9A0 /* Sources */ = {
			isa = PBXSourcesBuildPhase;
			buildActionMask = 2147483647;
			files = (
				1FEEC98419CEC6400052B9A0 /* AppDelegate.m in Sources */,
				1FEEC98119CEC6400052B9A0 /* main.m in Sources */,
			);
			runOnlyForDeploymentPostprocessing = 0;
		};
		1FEEC98A19CEC6400052B9A0 /* Sources */ = {
			isa = PBXSourcesBuildPhase;
			buildActionMask = 2147483647;
			files = (
				1FEEC99519CEC6400052B9A0 /* TemperatureConstraintsTests.m in Sources */,
			);
			runOnlyForDeploymentPostprocessing = 0;
		};
/* End PBXSourcesBuildPhase section */

/* Begin PBXTargetDependency section */
		1FEEC99019CEC6400052B9A0 /* PBXTargetDependency */ = {
			isa = PBXTargetDependency;
			target = 1FEEC97A19CEC6400052B9A0 /* TemperatureConstraints */;
			targetProxy = 1FEEC98F19CEC6400052B9A0 /* PBXContainerItemProxy */;
		};
/* End PBXTargetDependency section */

/* Begin PBXVariantGroup section */
		1FEEC98719CEC6400052B9A0 /* MainMenu.xib */ = {
			isa = PBXVariantGroup;
			children = (
				1FEEC98819CEC6400052B9A0 /* Base */,
			);
			name = MainMenu.xib;
			sourceTree = "<group>";
		};
/* End PBXVariantGroup section */

/* Begin XCBuildConfiguration section */
		1FEEC99619CEC6400052B9A0 /* Debug */ = {
			isa = XCBuildConfiguration;
			buildSettings = {
				ALWAYS_SEARCH_USER_PATHS = NO;
				CLANG_CXX_LANGUAGE_STANDARD = "gnu++0x";
				CLANG_CXX_LIBRARY = "libc++";
				CLANG_ENABLE_MODULES = YES;
				CLANG_ENABLE_OBJC_ARC = YES;
				CLANG_WARN_BOOL_CONVERSION = YES;
				CLANG_WARN_CONSTANT_CONVERSION = YES;
				CLANG_WARN_DIRECT_OBJC_ISA_USAGE = YES_ERROR;
				CLANG_WARN_EMPTY_BODY = YES;
				CLANG_WARN_ENUM_CONVERSION = YES;
				CLANG_WARN_INT_CONVERSION = YES;
				CLANG_WARN_OBJC_ROOT_CLASS = YES_ERROR;
				CLANG_WARN_UNREACHABLE_CODE = YES;
				CLANG_WARN__DUPLICATE_METHOD_MATCH = YES;
				CODE_SIGN_IDENTITY = "-";
				COPY_PHASE_STRIP = NO;
				ENABLE_STRICT_OBJC_MSGSEND = YES;
				GCC_C_LANGUAGE_STANDARD = gnu99;
				GCC_DYNAMIC_NO_PIC = NO;
				GCC_OPTIMIZATION_LEVEL = 0;
				GCC_PREPROCESSOR_DEFINITIONS = (
					"DEBUG=1",
					"$(inherited)",
				);
				GCC_SYMBOLS_PRIVATE_EXTERN = NO;
				GCC_WARN_64_TO_32_BIT_CONVERSION = YES;
				GCC_WARN_ABOUT_RETURN_TYPE = YES_ERROR;
				GCC_WARN_UNDECLARED_SELECTOR = YES;
				GCC_WARN_UNINITIALIZED_AUTOS = YES_AGGRESSIVE;
				GCC_WARN_UNUSED_FUNCTION = YES;
				GCC_WARN_UNUSED_VARIABLE = YES;
				MACOSX_DEPLOYMENT_TARGET = 10.10;
				MTL_ENABLE_DEBUG_INFO = YES;
				ONLY_ACTIVE_ARCH = YES;
				SDKROOT = macosx;
			};
			name = Debug;
		};
		1FEEC99719CEC6400052B9A0 /* Release */ = {
			isa = XCBuildConfiguration;
			buildSettings = {
				ALWAYS_SEARCH_USER_PATHS = NO;
				CLANG_CXX_LANGUAGE_STANDARD = "gnu++0x";
				CLANG_CXX_LIBRARY = "libc++";
				CLANG_ENABLE_MODULES = YES;
				CLANG_ENABLE_OBJC_ARC = YES;
				CLANG_WARN_BOOL_CONVERSION = YES;
				CLANG_WARN_CONSTANT_CONVERSION = YES;
				CLANG_WARN_DIRECT_OBJC_ISA_USAGE = YES_ERROR;
				CLANG_WARN_EMPTY_BODY = YES;
				CLANG_WARN_ENUM_CONVERSION = YES;
				CLANG_WARN_INT_CONVERSION = YES;
				CLANG_WARN_OBJC_ROOT_CLASS = YES_ERROR;
				CLANG_WARN_UNREACHABLE_CODE = YES;
				CLANG_WARN__DUPLICATE_METHOD_MATCH = YES;
				CODE_SIGN_IDENTITY = "-";
				COPY_PHASE_STRIP = YES;
				DEBUG_INFORMATION_FORMAT = "dwarf-with-dsym";
				ENABLE_NS_ASSERTIONS = NO;
				ENABLE_STRICT_OBJC_MSGSEND = YES;
				GCC_C_LANGUAGE_STANDARD = gnu99;
				GCC_WARN_64_TO_32_BIT_CONVERSION = YES;
				GCC_WARN_ABOUT_RETURN_TYPE = YES_ERROR;
				GCC_WARN_UNDECLARED_SELECTOR = YES;
				GCC_WARN_UNINITIALIZED_AUTOS = YES_AGGRESSIVE;
				GCC_WARN_UNUSED_FUNCTION = YES;
				GCC_WARN_UNUSED_VARIABLE = YES;
				MACOSX_DEPLOYMENT_TARGET = 10.10;
				MTL_ENABLE_DEBUG_INFO = NO;
				SDKROOT = macosx;
			};
			name = Release;
		};
		1FEEC99919CEC6400052B9A0 /* Debug */ = {
			isa = XCBuildConfiguration;
			buildSettings = {
				ASSETCATALOG_COMPILER_APPICON_NAME = AppIcon;
				COMBINE_HIDPI_IMAGES = YES;
				FRAMEWORK_SEARCH_PATHS = (
					"$(inherited)",
					/Users/marcel/programming/Build/Release,
				);
				INFOPLIST_FILE = TemperatureConstraints/Info.plist;
				LD_RUNPATH_SEARCH_PATHS = "$(inherited) @executable_path/../Frameworks";
				PRODUCT_NAME = "$(TARGET_NAME)";
			};
			name = Debug;
		};
		1FEEC99A19CEC6400052B9A0 /* Release */ = {
			isa = XCBuildConfiguration;
			buildSettings = {
				ASSETCATALOG_COMPILER_APPICON_NAME = AppIcon;
				COMBINE_HIDPI_IMAGES = YES;
				FRAMEWORK_SEARCH_PATHS = (
					"$(inherited)",
					"$(BUILT_PRODUCTS_DIR)",
				);
				INFOPLIST_FILE = TemperatureConstraints/Info.plist;
				LD_RUNPATH_SEARCH_PATHS = "$(inherited) @executable_path/../Frameworks";
				PRODUCT_NAME = "$(TARGET_NAME)";
			};
			name = Release;
		};
		1FEEC99C19CEC6400052B9A0 /* Debug */ = {
			isa = XCBuildConfiguration;
			buildSettings = {
				BUNDLE_LOADER = "$(TEST_HOST)";
				COMBINE_HIDPI_IMAGES = YES;
				FRAMEWORK_SEARCH_PATHS = (
					"$(DEVELOPER_FRAMEWORKS_DIR)",
					"$(inherited)",
				);
				GCC_PREPROCESSOR_DEFINITIONS = (
					"DEBUG=1",
					"$(inherited)",
				);
				INFOPLIST_FILE = TemperatureConstraintsTests/Info.plist;
				LD_RUNPATH_SEARCH_PATHS = "$(inherited) @executable_path/../Frameworks @loader_path/../Frameworks";
				PRODUCT_NAME = "$(TARGET_NAME)";
				TEST_HOST = "$(BUILT_PRODUCTS_DIR)/TemperatureConstraints.app/Contents/MacOS/TemperatureConstraints";
			};
			name = Debug;
		};
		1FEEC99D19CEC6400052B9A0 /* Release */ = {
			isa = XCBuildConfiguration;
			buildSettings = {
				BUNDLE_LOADER = "$(TEST_HOST)";
				COMBINE_HIDPI_IMAGES = YES;
				FRAMEWORK_SEARCH_PATHS = (
					"$(DEVELOPER_FRAMEWORKS_DIR)",
					"$(inherited)",
				);
				INFOPLIST_FILE = TemperatureConstraintsTests/Info.plist;
				LD_RUNPATH_SEARCH_PATHS = "$(inherited) @executable_path/../Frameworks @loader_path/../Frameworks";
				PRODUCT_NAME = "$(TARGET_NAME)";
				TEST_HOST = "$(BUILT_PRODUCTS_DIR)/TemperatureConstraints.app/Contents/MacOS/TemperatureConstraints";
			};
			name = Release;
		};
/* End XCBuildConfiguration section */

/* Begin XCConfigurationList section */
		1FEEC97619CEC6400052B9A0 /* Build configuration list for PBXProject "TemperatureConstraints" */ = {
			isa = XCConfigurationList;
			buildConfigurations = (
				1FEEC99619CEC6400052B9A0 /* Debug */,
				1FEEC99719CEC6400052B9A0 /* Release */,
			);
			defaultConfigurationIsVisible = 0;
			defaultConfigurationName = Release;
		};
		1FEEC99819CEC6400052B9A0 /* Build configuration list for PBXNativeTarget "TemperatureConstraints" */ = {
			isa = XCConfigurationList;
			buildConfigurations = (
				1FEEC99919CEC6400052B9A0 /* Debug */,
				1FEEC99A19CEC6400052B9A0 /* Release */,
			);
			defaultConfigurationIsVisible = 0;
			defaultConfigurationName = Release;
		};
		1FEEC99B19CEC6400052B9A0 /* Build configuration list for PBXNativeTarget "TemperatureConstraintsTests" */ = {
			isa = XCConfigurationList;
			buildConfigurations = (
				1FEEC99C19CEC6400052B9A0 /* Debug */,
				1FEEC99D19CEC6400052B9A0 /* Release */,
			);
			defaultConfigurationIsVisible = 0;
			defaultConfigurationName = Release;
		};
/* End XCConfigurationList section */
	};
	rootObject = 1FEEC97319CEC6400052B9A0 /* Project object */;
}
